
Microsoft Visual Studio Solution File, Format Version 12.00
# Visual Studio Version 16
VisualStudioVersion = 16.0.30204.135
MinimumVisualStudioVersion = 10.0.40219.1
Project("{FAE04EC0-301F-11D3-BF4B-00C04F79EFBC}") = "YamlSerializerTest", "YamlSerializerTest\YamlSerializerTest.csproj", "{6F4477E5-DCC3-4F26-B51A-3C9C1B8AF395}"
EndProject
Project("{FAE04EC0-301F-11D3-BF4B-00C04F79EFBC}") = "YamlSerializer", "YamlSerializer\YamlSerializer.csproj", "{BA553665-7566-4366-BA41-DF08EC2AB77B}"
EndProject
Global
	GlobalSection(SolutionConfigurationPlatforms) = preSolution
		Debug|Any CPU = Debug|Any CPU
		Release|Any CPU = Release|Any CPU
	EndGlobalSection
	GlobalSection(ProjectConfigurationPlatforms) = postSolution
		{6F4477E5-DCC3-4F26-B51A-3C9C1B8AF395}.Debug|Any CPU.ActiveCfg = Debug|Any CPU
		{6F4477E5-DCC3-4F26-B51A-3C9C1B8AF395}.Debug|Any CPU.Build.0 = Debug|Any CPU
		{6F4477E5-DCC3-4F26-B51A-3C9C1B8AF395}.Release|Any CPU.ActiveCfg = Release|Any CPU
		{BA553665-7566-4366-BA41-DF08EC2AB77B}.Debug|Any CPU.ActiveCfg = Debug|Any CPU
		{BA553665-7566-4366-BA41-DF08EC2AB77B}.Debug|Any CPU.Build.0 = Debug|Any CPU
		{BA553665-7566-4366-BA41-DF08EC2AB77B}.Release|Any CPU.ActiveCfg = Release|Any CPU
		{BA553665-7566-4366-BA41-DF08EC2AB77B}.Release|Any CPU.Build.0 = Release|Any CPU
	EndGlobalSection
	GlobalSection(SolutionProperties) = preSolution
		HideSolutionNode = FALSE
	EndGlobalSection
	GlobalSection(ExtensibilityGlobals) = postSolution
		SolutionGuid = {ED42FF9B-FB25-4022-BE29-51C8EC8F6CB0}
	EndGlobalSection
EndGlobal
